
Microsoft Visual Studio Solution File, Format Version 12.00
# Visual Studio Version 17
VisualStudioVersion = 17.0.32112.339
MinimumVisualStudioVersion = 10.0.40219.1
Project("{FAE04EC0-301F-11D3-BF4B-00C04F79EFBC}") = "TakeMeHome", "TakeMeHome\TakeMeHome.csproj", "{5A2232C7-67B5-4693-A5AA-673BFC90F397}"
EndProject
Global
	GlobalSection(SolutionConfigurationPlatforms) = preSolution
		Debug|Any CPU = Debug|Any CPU
		Release|Any CPU = Release|Any CPU
	EndGlobalSection
	GlobalSection(ProjectConfigurationPlatforms) = postSolution
		{5A2232C7-67B5-4693-A5AA-673BFC90F397}.Debug|Any CPU.ActiveCfg = Debug|Any CPU
		{5A2232C7-67B5-4693-A5AA-673BFC90F397}.Debug|Any CPU.Build.0 = Debug|Any CPU
		{5A2232C7-67B5-4693-A5AA-673BFC90F397}.Release|Any CPU.ActiveCfg = Release|Any CPU
		{5A2232C7-67B5-4693-A5AA-673BFC90F397}.Release|Any CPU.Build.0 = Release|Any CPU
	EndGlobalSection
	GlobalSection(SolutionProperties) = preSolution
		HideSolutionNode = FALSE
	EndGlobalSection
	GlobalSection(ExtensibilityGlobals) = postSolution
		SolutionGuid = {F3C7CA5E-556C-42AA-A947-BA2C994E92D3}
	EndGlobalSection
EndGlobal
